// !$*UTF8*$!
{
	archiveVersion = 1;
	classes = {
	};
	objectVersion = 77;
	objects = {

/* Begin PBXContainerItemProxy section */
		D0EBE5E62F7AAA610030D4EE /* PBXContainerItemProxy */ = {
			isa = PBXContainerItemProxy;
			containerPortal = D0EBE5D02F7AAA5F0030D4EE /* Project object */;
			proxyType = 1;
			remoteGlobalIDString = D0EBE5D72F7AAA5F0030D4EE;
			remoteInfo = MLPredictorApp;
		};
		D0EBE5F02F7AAA610030D4EE /* PBXContainerItemProxy */ = {
			isa = PBXContainerItemProxy;
			containerPortal = D0EBE5D02F7AAA5F0030D4EE /* Project object */;
			proxyType = 1;
			remoteGlobalIDString = D0EBE5D72F7AAA5F0030D4EE;
			remoteInfo = MLPredictorApp;
		};
/* End PBXContainerItemProxy section */

/* Begin PBXFileReference section */
		D0EBE5D82F7AAA5F0030D4EE /* MLPredictorApp.app */ = {isa = PBXFileReference; explicitFileType = wrapper.application; includeInIndex = 0; path = MLPredictorApp.app; sourceTree = BUILT_PRODUCTS_DIR; };
		D0EBE5E52F7AAA610030D4EE /* MLPredictorAppTests.xctest */ = {isa = PBXFileReference; explicitFileType = wrapper.cfbundle; includeInIndex = 0; path = MLPredictorAppTests.xctest; sourceTree = BUILT_PRODUCTS_DIR; };
		D0EBE5EF2F7AAA610030D4EE /* MLPredictorAppUITests.xctest */ = {isa = PBXFileReference; explicitFileType = wrapper.cfbundle; includeInIndex = 0; path = MLPredictorAppUITests.xctest; sourceTree = BUILT_PRODUCTS_DIR; };
/* End PBXFileReference section */

/* Begin PBXFileSystemSynchronizedRootGroup section */
		D0EBE5DA2F7AAA5F0030D4EE /* MLPredictorApp */ = {
			isa = PBXFileSystemSynchronizedRootGroup;
			path = MLPredictorApp;
			sourceTree = "<group>";
		};
		D0EBE5E82F7AAA610030D4EE /* MLPredictorAppTests */ = {
			isa = PBXFileSystemSynchronizedRootGroup;
			path = MLPredictorAppTests;
			sourceTree = "<group>";
		};
		D0EBE5F22F7AAA610030D4EE /* MLPredictorAppUITests */ = {
			isa = PBXFileSystemSynchronizedRootGroup;
			path = MLPredictorAppUITests;
			sourceTree = "<group>";
		};
/* End PBXFileSystemSynchronizedRootGroup section */

/* Begin PBXFrameworksBuildPhase section */
		D0EBE5D52F7AAA5F0030D4EE /* Frameworks */ = {
			isa = PBXFrameworksBuildPhase;
			buildActionMask = 2147483647;
			files = (
			);
			runOnlyForDeploymentPostprocessing = 0;
		};
		D0EBE5E22F7AAA610030D4EE /* Frameworks */ = {
			isa = PBXFrameworksBuildPhase;
			buildActionMask = 2147483647;
			files = (
			);
			runOnlyForDeploymentPostprocessing = 0;
		};
		D0EBE5EC2F7AAA610030D4EE /* Frameworks */ = {
			isa = PBXFrameworksBuildPhase;
			buildActionMask = 2147483647;
			files = (
			);
			runOnlyForDeploymentPostprocessing = 0;
		};
/* End PBXFrameworksBuildPhase section */

/* Begin PBXGroup section */
		D0EBE5CF2F7AAA5F0030D4EE = {
			isa = PBXGroup;
			children = (
				D0EBE5DA2F7AAA5F0030D4EE /* MLPredictorApp */,
				D0EBE5E82F7AAA610030D4EE /* MLPredictorAppTests */,
				D0EBE5F22F7AAA610030D4EE /* MLPredictorAppUITests */,
				D0EBE5D92F7AAA5F0030D4EE /* Products */,
			);
			sourceTree = "<group>";
		};
		D0EBE5D92F7AAA5F0030D4EE /* Products */ = {
			isa = PBXGroup;
			children = (
				D0EBE5D82F7AAA5F0030D4EE /* MLPredictorApp.app */,
				D0EBE5E52F7AAA610030D4EE /* MLPredictorAppTests.xctest */,
				D0EBE5EF2F7AAA610030D4EE /* MLPredictorAppUITests.xctest */,
			);
			name = Products;
			sourceTree = "<group>";
		};
/* End PBXGroup section */

/* Begin PBXNativeTarget section */
		D0EBE5D72F7AAA5F0030D4EE /* MLPredictorApp */ = {
			isa = PBXNativeTarget;
			buildConfigurationList = D0EBE5F92F7AAA610030D4EE /* Build configuration list for PBXNativeTarget "MLPredictorApp" */;
			buildPhases = (
				D0EBE5D42F7AAA5F0030D4EE /* Sources */,
				D0EBE5D52F7AAA5F0030D4EE /* Frameworks */,
				D0EBE5D62F7AAA5F0030D4EE /* Resources */,
			);
			buildRules = (
			);
			dependencies = (
			);
			fileSystemSynchronizedGroups = (
				D0EBE5DA2F7AAA5F0030D4EE /* MLPredictorApp */,
			);
			name = MLPredictorApp;
			packageProductDependencies = (
			);
			productName = MLPredictorApp;
			productReference = D0EBE5D82F7AAA5F0030D4EE /* MLPredictorApp.app */;
			productType = "com.apple.product-type.application";
		};
		D0EBE5E42F7AAA610030D4EE /* MLPredictorAppTests */ = {
			isa = PBXNativeTarget;
			buildConfigurationList = D0EBE5FC2F7AAA610030D4EE /* Build configuration list for PBXNativeTarget "MLPredictorAppTests" */;
			buildPhases = (
				D0EBE5E12F7AAA610030D4EE /* Sources */,
				D0EBE5E22F7AAA610030D4EE /* Frameworks */,
				D0EBE5E32F7AAA610030D4EE /* Resources */,
			);
			buildRules = (
			);
			dependencies = (
				D0EBE5E72F7AAA610030D4EE /* PBXTargetDependency */,
			);
			fileSystemSynchronizedGroups = (
				D0EBE5E82F7AAA610030D4EE /* MLPredictorAppTests */,
			);
			name = MLPredictorAppTests;
			packageProductDependencies = (
			);
			productName = MLPredictorAppTests;
			productReference = D0EBE5E52F7AAA610030D4EE /* MLPredictorAppTests.xctest */;
			productType = "com.apple.product-type.bundle.unit-test";
		};
		D0EBE5EE2F7AAA610030D4EE /* MLPredictorAppUITests */ = {
			isa = PBXNativeTarget;
			buildConfigurationList = D0EBE5FF2F7AAA610030D4EE /* Build configuration list for PBXNativeTarget "MLPredictorAppUITests" */;
			buildPhases = (
				D0EBE5EB2F7AAA610030D4EE /* Sources */,
				D0EBE5EC2F7AAA610030D4EE /* Frameworks */,
				D0EBE5ED2F7AAA610030D4EE /* Resources */,
			);
			buildRules = (
			);
			dependencies = (
				D0EBE5F12F7AAA610030D4EE /* PBXTargetDependency */,
			);
			fileSystemSynchronizedGroups = (
				D0EBE5F22F7AAA610030D4EE /* MLPredictorAppUITests */,
			);
			name = MLPredictorAppUITests;
			packageProductDependencies = (
			);
			productName = MLPredictorAppUITests;
			productReference = D0EBE5EF2F7AAA610030D4EE /* MLPredictorAppUITests.xctest */;
			productType = "com.apple.product-type.bundle.ui-testing";
		};
/* End PBXNativeTarget section */

/* Begin PBXProject section */
		D0EBE5D02F7AAA5F0030D4EE /* Project object */ = {
			isa = PBXProject;
			attributes = {
				BuildIndependentTargetsInParallel = 1;
				LastSwiftUpdateCheck = 2620;
				LastUpgradeCheck = 2620;
				TargetAttributes = {
					D0EBE5D72F7AAA5F0030D4EE = {
						CreatedOnToolsVersion = 26.2;
					};
					D0EBE5E42F7AAA610030D4EE = {
						CreatedOnToolsVersion = 26.2;
						TestTargetID = D0EBE5D72F7AAA5F0030D4EE;
					};
					D0EBE5EE2F7AAA610030D4EE = {
						CreatedOnToolsVersion = 26.2;
						TestTargetID = D0EBE5D72F7AAA5F0030D4EE;
					};
				};
			};
			buildConfigurationList = D0EBE5D32F7AAA5F0030D4EE /* Build configuration list for PBXProject "MLPredictorApp" */;
			developmentRegion = en;
			hasScannedForEncodings = 0;
			knownRegions = (
				en,
				Base,
			);
			mainGroup = D0EBE5CF2F7AAA5F0030D4EE;
			minimizedProjectReferenceProxies = 1;
			preferredProjectObjectVersion = 77;
			productRefGroup = D0EBE5D92F7AAA5F0030D4EE /* Products */;
			projectDirPath = "";
			projectRoot = "";
			targets = (
				D0EBE5D72F7AAA5F0030D4EE /* MLPredictorApp */,
				D0EBE5E42F7AAA610030D4EE /* MLPredictorAppTests */,
				D0EBE5EE2F7AAA610030D4EE /* MLPredictorAppUITests */,
			);
		};
/* End PBXProject section */

/* Begin PBXResourcesBuildPhase section */
		D0EBE5D62F7AAA5F0030D4EE /* Resources */ = {
			isa = PBXResourcesBuildPhase;
			buildActionMask = 2147483647;
			files = (
			);
			runOnlyForDeploymentPostprocessing = 0;
		};
		D0EBE5E32F7AAA610030D4EE /* Resources */ = {
			isa = PBXResourcesBuildPhase;
			buildActionMask = 2147483647;
			files = (
			);
			runOnlyForDeploymentPostprocessing = 0;
		};
		D0EBE5ED2F7AAA610030D4EE /* Resources */ = {
			isa = PBXResourcesBuildPhase;
			buildActionMask = 2147483647;
			files = (
			);
			runOnlyForDeploymentPostprocessing = 0;
		};
/* End PBXResourcesBuildPhase section */

/* Begin PBXSourcesBuildPhase section */
		D0EBE5D42F7AAA5F0030D4EE /* Sources */ = {
			isa = PBXSourcesBuildPhase;
			buildActionMask = 2147483647;
			files = (
			);
			runOnlyForDeploymentPostprocessing = 0;
		};
		D0EBE5E12F7AAA610030D4EE /* Sources */ = {
			isa = PBXSourcesBuildPhase;
			buildActionMask = 2147483647;
			files = (
			);
			runOnlyForDeploymentPostprocessing = 0;
		};
		D0EBE5EB2F7AAA610030D4EE /* Sources */ = {
			isa = PBXSourcesBuildPhase;
			buildActionMask = 2147483647;
			files = (
			);
			runOnlyForDeploymentPostprocessing = 0;
		};
/* End PBXSourcesBuildPhase section */

/* Begin PBXTargetDependency section */
		D0EBE5E72F7AAA610030D4EE /* PBXTargetDependency */ = {
			isa = PBXTargetDependency;
			target = D0EBE5D72F7AAA5F0030D4EE /* MLPredictorApp */;
			targetProxy = D0EBE5E62F7AAA610030D4EE /* PBXContainerItemProxy */;
		};
		D0EBE5F12F7AAA610030D4EE /* PBXTargetDependency */ = {
			isa = PBXTargetDependency;
			target = D0EBE5D72F7AAA5F0030D4EE /* MLPredictorApp */;
			targetProxy = D0EBE5F02F7AAA610030D4EE /* PBXContainerItemProxy */;
		};
/* End PBXTargetDependency section */

/* Begin XCBuildConfiguration section */
		D0EBE5F72F7AAA610030D4EE /* Debug */ = {
			isa = XCBuildConfiguration;
			buildSettings = {
				ALWAYS_SEARCH_USER_PATHS = NO;
				ASSETCATALOG_COMPILER_GENERATE_SWIFT_ASSET_SYMBOL_EXTENSIONS = YES;
				CLANG_ANALYZER_NONNULL = YES;
				CLANG_ANALYZER_NUMBER_OBJECT_CONVERSION = YES_AGGRESSIVE;
				CLANG_CXX_LANGUAGE_STANDARD = "gnu++20";
				CLANG_ENABLE_MODULES = YES;
				CLANG_ENABLE_OBJC_ARC = YES;
				CLANG_ENABLE_OBJC_WEAK = YES;
				CLANG_WARN_BLOCK_CAPTURE_AUTORELEASING = YES;
				CLANG_WARN_BOOL_CONVERSION = YES;
				CLANG_WARN_COMMA = YES;
				CLANG_WARN_CONSTANT_CONVERSION = YES;
				CLANG_WARN_DEPRECATED_OBJC_IMPLEMENTATIONS = YES;
				CLANG_WARN_DIRECT_OBJC_ISA_USAGE = YES_ERROR;
				CLANG_WARN_DOCUMENTATION_COMMENTS = YES;
				CLANG_WARN_EMPTY_BODY = YES;
				CLANG_WARN_ENUM_CONVERSION = YES;
				CLANG_WARN_INFINITE_RECURSION = YES;
				CLANG_WARN_INT_CONVERSION = YES;
				CLANG_WARN_NON_LITERAL_NULL_CONVERSION = YES;
				CLANG_WARN_OBJC_IMPLICIT_RETAIN_SELF = YES;
				CLANG_WARN_OBJC_LITERAL_CONVERSION = YES;
				CLANG_WARN_OBJC_ROOT_CLASS = YES_ERROR;
				CLANG_WARN_QUOTED_INCLUDE_IN_FRAMEWORK_HEADER = YES;
				CLANG_WARN_RANGE_LOOP_ANALYSIS = YES;
				CLANG_WARN_STRICT_PROTOTYPES = YES;
				CLANG_WARN_SUSPICIOUS_MOVE = YES;
				CLANG_WARN_UNGUARDED_AVAILABILITY = YES_AGGRESSIVE;
				CLANG_WARN_UNREACHABLE_CODE = YES;
				CLANG_WARN__DUPLICATE_METHOD_MATCH = YES;
				COPY_PHASE_STRIP = NO;
				DEBUG_INFORMATION_FORMAT = dwarf;
				DEVELOPMENT_TEAM = SCCRUHQ7HK;
				ENABLE_STRICT_OBJC_MSGSEND = YES;
				ENABLE_TESTABILITY = YES;
				ENABLE_USER_SCRIPT_SANDBOXING = YES;
				GCC_C_LANGUAGE_STANDARD = gnu17;
				GCC_DYNAMIC_NO_PIC = NO;
				GCC_NO_COMMON_BLOCKS = YES;
				GCC_OPTIMIZATION_LEVEL = 0;
				GCC_PREPROCESSOR_DEFINITIONS = (
					"DEBUG=1",
					"$(inherited)",
				);
				GCC_WARN_64_TO_32_BIT_CONVERSION = YES;
				GCC_WARN_ABOUT_RETURN_TYPE = YES_ERROR;
				GCC_WARN_UNDECLARED_SELECTOR = YES;
				GCC_WARN_UNINITIALIZED_AUTOS = YES_AGGRESSIVE;
				GCC_WARN_UNUSED_FUNCTION = YES;
				GCC_WARN_UNUSED_VARIABLE = YES;
				IPHONEOS_DEPLOYMENT_TARGET = 26.2;
				LOCALIZATION_PREFERS_STRING_CATALOGS = YES;
				MTL_ENABLE_DEBUG_INFO = INCLUDE_SOURCE;
				MTL_FAST_MATH = YES;
				ONLY_ACTIVE_ARCH = YES;
				SDKROOT = iphoneos;
				SWIFT_ACTIVE_COMPILATION_CONDITIONS = "DEBUG $(inherited)";
				SWIFT_OPTIMIZATION_LEVEL = "-Onone";
			};
			name = Debug;
		};
		D0EBE5F82F7AAA610030D4EE /* Release */ = {
			isa = XCBuildConfiguration;
			buildSettings = {
				ALWAYS_SEARCH_USER_PATHS = NO;
				ASSETCATALOG_COMPILER_GENERATE_SWIFT_ASSET_SYMBOL_EXTENSIONS = YES;
				CLANG_ANALYZER_NONNULL = YES;
				CLANG_ANALYZER_NUMBER_OBJECT_CONVERSION = YES_AGGRESSIVE;
				CLANG_CXX_LANGUAGE_STANDARD = "gnu++20";
				CLANG_ENABLE_MODULES = YES;
				CLANG_ENABLE_OBJC_ARC = YES;
				CLANG_ENABLE_OBJC_WEAK = YES;
				CLANG_WARN_BLOCK_CAPTURE_AUTORELEASING = YES;
				CLANG_WARN_BOOL_CONVERSION = YES;
				CLANG_WARN_COMMA = YES;
				CLANG_WARN_CONSTANT_CONVERSION = YES;
				CLANG_WARN_DEPRECATED_OBJC_IMPLEMENTATIONS = YES;
				CLANG_WARN_DIRECT_OBJC_ISA_USAGE = YES_ERROR;
				CLANG_WARN_DOCUMENTATION_COMMENTS = YES;
				CLANG_WARN_EMPTY_BODY = YES;
				CLANG_WARN_ENUM_CONVERSION = YES;
				CLANG_WARN_INFINITE_RECURSION = YES;
				CLANG_WARN_INT_CONVERSION = YES;
				CLANG_WARN_NON_LITERAL_NULL_CONVERSION = YES;
				CLANG_WARN_OBJC_IMPLICIT_RETAIN_SELF = YES;
				CLANG_WARN_OBJC_LITERAL_CONVERSION = YES;
				CLANG_WARN_OBJC_ROOT_CLASS = YES_ERROR;
				CLANG_WARN_QUOTED_INCLUDE_IN_FRAMEWORK_HEADER = YES;
				CLANG_WARN_RANGE_LOOP_ANALYSIS = YES;
				CLANG_WARN_STRICT_PROTOTYPES = YES;
				CLANG_WARN_SUSPICIOUS_MOVE = YES;
				CLANG_WARN_UNGUARDED_AVAILABILITY = YES_AGGRESSIVE;
				CLANG_WARN_UNREACHABLE_CODE = YES;
				CLANG_WARN__DUPLICATE_METHOD_MATCH = YES;
				COPY_PHASE_STRIP = NO;
				DEBUG_INFORMATION_FORMAT = "dwarf-with-dsym";
				DEVELOPMENT_TEAM = SCCRUHQ7HK;
				ENABLE_NS_ASSERTIONS = NO;
				ENABLE_STRICT_OBJC_MSGSEND = YES;
				ENABLE_USER_SCRIPT_SANDBOXING = YES;
				GCC_C_LANGUAGE_STANDARD = gnu17;
				GCC_NO_COMMON_BLOCKS = YES;
				GCC_WARN_64_TO_32_BIT_CONVERSION = YES;
				GCC_WARN_ABOUT_RETURN_TYPE = YES_ERROR;
				GCC_WARN_UNDECLARED_SELECTOR = YES;
				GCC_WARN_UNINITIALIZED_AUTOS = YES_AGGRESSIVE;
				GCC_WARN_UNUSED_FUNCTION = YES;
				GCC_WARN_UNUSED_VARIABLE = YES;
				IPHONEOS_DEPLOYMENT_TARGET = 26.2;
				LOCALIZATION_PREFERS_STRING_CATALOGS = YES;
				MTL_ENABLE_DEBUG_INFO = NO;
				MTL_FAST_MATH = YES;
				SDKROOT = iphoneos;
				SWIFT_COMPILATION_MODE = wholemodule;
				VALIDATE_PRODUCT = YES;
			};
			name = Release;
		};
		D0EBE5FA2F7AAA610030D4EE /* Debug */ = {
			isa = XCBuildConfiguration;
			buildSettings = {
				ASSETCATALOG_COMPILER_APPICON_NAME = AppIcon;
				ASSETCATALOG_COMPILER_GLOBAL_ACCENT_COLOR_NAME = AccentColor;
				CODE_SIGN_STYLE = Automatic;
				CURRENT_PROJECT_VERSION = 1;
				DEVELOPMENT_TEAM = SCCRUHQ7HK;
				ENABLE_PREVIEWS = YES;
				GENERATE_INFOPLIST_FILE = YES;
				INFOPLIST_KEY_UIApplicationSceneManifest_Generation = YES;
				INFOPLIST_KEY_UIApplicationSupportsIndirectInputEvents = YES;
				INFOPLIST_KEY_UILaunchScreen_Generation = YES;
				INFOPLIST_KEY_UISupportedInterfaceOrientations_iPad = "UIInterfaceOrientationPortrait UIInterfaceOrientationPortraitUpsideDown UIInterfaceOrientationLandscapeLeft UIInterfaceOrientationLandscapeRight";
				INFOPLIST_KEY_UISupportedInterfaceOrientations_iPhone = "UIInterfaceOrientationPortrait UIInterfaceOrientationLandscapeLeft UIInterfaceOrientationLandscapeRight";
				LD_RUNPATH_SEARCH_PATHS = (
					"$(inherited)",
					"@executable_path/Frameworks",
				);
				MARKETING_VERSION = 1.0;
				PRODUCT_BUNDLE_IDENTIFIER = com.system73.sample.MLPredictorApp;
				PRODUCT_NAME = "$(TARGET_NAME)";
				STRING_CATALOG_GENERATE_SYMBOLS = YES;
				SWIFT_APPROACHABLE_CONCURRENCY = YES;
				SWIFT_DEFAULT_ACTOR_ISOLATION = MainActor;
				SWIFT_EMIT_LOC_STRINGS = YES;
				SWIFT_UPCOMING_FEATURE_MEMBER_IMPORT_VISIBILITY = YES;
				SWIFT_VERSION = 5.0;
				TARGETED_DEVICE_FAMILY = "1,2";
			};
			name = Debug;
		};
		D0EBE5FB2F7AAA610030D4EE /* Release */ = {
			isa = XCBuildConfiguration;
			buildSettings = {
				ASSETCATALOG_COMPILER_APPICON_NAME = AppIcon;
				ASSETCATALOG_COMPILER_GLOBAL_ACCENT_COLOR_NAME = AccentColor;
				CODE_SIGN_STYLE = Automatic;
				CURRENT_PROJECT_VERSION = 1;
				DEVELOPMENT_TEAM = SCCRUHQ7HK;
				ENABLE_PREVIEWS = YES;
				GENERATE_INFOPLIST_FILE = YES;
				INFOPLIST_KEY_UIApplicationSceneManifest_Generation = YES;
				INFOPLIST_KEY_UIApplicationSupportsIndirectInputEvents = YES;
				INFOPLIST_KEY_UILaunchScreen_Generation = YES;
				INFOPLIST_KEY_UISupportedInterfaceOrientations_iPad = "UIInterfaceOrientationPortrait UIInterfaceOrientationPortraitUpsideDown UIInterfaceOrientationLandscapeLeft UIInterfaceOrientationLandscapeRight";
				INFOPLIST_KEY_UISupportedInterfaceOrientations_iPhone = "UIInterfaceOrientationPortrait UIInterfaceOrientationLandscapeLeft UIInterfaceOrientationLandscapeRight";
				LD_RUNPATH_SEARCH_PATHS = (
					"$(inherited)",
					"@executable_path/Frameworks",
				);
				MARKETING_VERSION = 1.0;
				PRODUCT_BUNDLE_IDENTIFIER = com.system73.sample.MLPredictorApp;
				PRODUCT_NAME = "$(TARGET_NAME)";
				STRING_CATALOG_GENERATE_SYMBOLS = YES;
				SWIFT_APPROACHABLE_CONCURRENCY = YES;
				SWIFT_DEFAULT_ACTOR_ISOLATION = MainActor;
				SWIFT_EMIT_LOC_STRINGS = YES;
				SWIFT_UPCOMING_FEATURE_MEMBER_IMPORT_VISIBILITY = YES;
				SWIFT_VERSION = 5.0;
				TARGETED_DEVICE_FAMILY = "1,2";
			};
			name = Release;
		};
		D0EBE5FD2F7AAA610030D4EE /* Debug */ = {
			isa = XCBuildConfiguration;
			buildSettings = {
				BUNDLE_LOADER = "$(TEST_HOST)";
				CODE_SIGN_STYLE = Automatic;
				CURRENT_PROJECT_VERSION = 1;
				DEVELOPMENT_TEAM = SCCRUHQ7HK;
				GENERATE_INFOPLIST_FILE = YES;
				IPHONEOS_DEPLOYMENT_TARGET = 26.2;
				MARKETING_VERSION = 1.0;
				PRODUCT_BUNDLE_IDENTIFIER = com.system73.sample.MLPredictorAppTests;
				PRODUCT_NAME = "$(TARGET_NAME)";
				STRING_CATALOG_GENERATE_SYMBOLS = NO;
				SWIFT_APPROACHABLE_CONCURRENCY = YES;
				SWIFT_EMIT_LOC_STRINGS = NO;
				SWIFT_UPCOMING_FEATURE_MEMBER_IMPORT_VISIBILITY = YES;
				SWIFT_VERSION = 5.0;
				TARGETED_DEVICE_FAMILY = "1,2";
				TEST_HOST = "$(BUILT_PRODUCTS_DIR)/MLPredictorApp.app/$(BUNDLE_EXECUTABLE_FOLDER_PATH)/MLPredictorApp";
			};
			name = Debug;
		};
		D0EBE5FE2F7AAA610030D4EE /* Release */ = {
			isa = XCBuildConfiguration;
			buildSettings = {
				BUNDLE_LOADER = "$(TEST_HOST)";
				CODE_SIGN_STYLE = Automatic;
				CURRENT_PROJECT_VERSION = 1;
				DEVELOPMENT_TEAM = SCCRUHQ7HK;
				GENERATE_INFOPLIST_FILE = YES;
				IPHONEOS_DEPLOYMENT_TARGET = 26.2;
				MARKETING_VERSION = 1.0;
				PRODUCT_BUNDLE_IDENTIFIER = com.system73.sample.MLPredictorAppTests;
				PRODUCT_NAME = "$(TARGET_NAME)";
				STRING_CATALOG_GENERATE_SYMBOLS = NO;
				SWIFT_APPROACHABLE_CONCURRENCY = YES;
				SWIFT_EMIT_LOC_STRINGS = NO;
				SWIFT_UPCOMING_FEATURE_MEMBER_IMPORT_VISIBILITY = YES;
				SWIFT_VERSION = 5.0;
				TARGETED_DEVICE_FAMILY = "1,2";
				TEST_HOST = "$(BUILT_PRODUCTS_DIR)/MLPredictorApp.app/$(BUNDLE_EXECUTABLE_FOLDER_PATH)/MLPredictorApp";
			};
			name = Release;
		};
		D0EBE6002F7AAA610030D4EE /* Debug */ = {
			isa = XCBuildConfiguration;
			buildSettings = {
				CODE_SIGN_STYLE = Automatic;
				CURRENT_PROJECT_VERSION = 1;
				DEVELOPMENT_TEAM = SCCRUHQ7HK;
				GENERATE_INFOPLIST_FILE = YES;
				MARKETING_VERSION = 1.0;
				PRODUCT_BUNDLE_IDENTIFIER = com.system73.sample.MLPredictorAppUITests;
				PRODUCT_NAME = "$(TARGET_NAME)";
				STRING_CATALOG_GENERATE_SYMBOLS = NO;
				SWIFT_APPROACHABLE_CONCURRENCY = YES;
				SWIFT_EMIT_LOC_STRINGS = NO;
				SWIFT_UPCOMING_FEATURE_MEMBER_IMPORT_VISIBILITY = YES;
				SWIFT_VERSION = 5.0;
				TARGETED_DEVICE_FAMILY = "1,2";
				TEST_TARGET_NAME = MLPredictorApp;
			};
			name = Debug;
		};
		D0EBE6012F7AAA610030D4EE /* Release */ = {
			isa = XCBuildConfiguration;
			buildSettings = {
				CODE_SIGN_STYLE = Automatic;
				CURRENT_PROJECT_VERSION = 1;
				DEVELOPMENT_TEAM = SCCRUHQ7HK;
				GENERATE_INFOPLIST_FILE = YES;
				MARKETING_VERSION = 1.0;
				PRODUCT_BUNDLE_IDENTIFIER = com.system73.sample.MLPredictorAppUITests;
				PRODUCT_NAME = "$(TARGET_NAME)";
				STRING_CATALOG_GENERATE_SYMBOLS = NO;
				SWIFT_APPROACHABLE_CONCURRENCY = YES;
				SWIFT_EMIT_LOC_STRINGS = NO;
				SWIFT_UPCOMING_FEATURE_MEMBER_IMPORT_VISIBILITY = YES;
				SWIFT_VERSION = 5.0;
				TARGETED_DEVICE_FAMILY = "1,2";
				TEST_TARGET_NAME = MLPredictorApp;
			};
			name = Release;
		};
/* End XCBuildConfiguration section */

/* Begin XCConfigurationList section */
		D0EBE5D32F7AAA5F0030D4EE /* Build configuration list for PBXProject "MLPredictorApp" */ = {
			isa = XCConfigurationList;
			buildConfigurations = (
				D0EBE5F72F7AAA610030D4EE /* Debug */,
				D0EBE5F82F7AAA610030D4EE /* Release */,
			);
			defaultConfigurationIsVisible = 0;
			defaultConfigurationName = Release;
		};
		D0EBE5F92F7AAA610030D4EE /* Build configuration list for PBXNativeTarget "MLPredictorApp" */ = {
			isa = XCConfigurationList;
			buildConfigurations = (
				D0EBE5FA2F7AAA610030D4EE /* Debug */,
				D0EBE5FB2F7AAA610030D4EE /* Release */,
			);
			defaultConfigurationIsVisible = 0;
			defaultConfigurationName = Release;
		};
		D0EBE5FC2F7AAA610030D4EE /* Build configuration list for PBXNativeTarget "MLPredictorAppTests" */ = {
			isa = XCConfigurationList;
			buildConfigurations = (
				D0EBE5FD2F7AAA610030D4EE /* Debug */,
				D0EBE5FE2F7AAA610030D4EE /* Release */,
			);
			defaultConfigurationIsVisible = 0;
			defaultConfigurationName = Release;
		};
		D0EBE5FF2F7AAA610030D4EE /* Build configuration list for PBXNativeTarget "MLPredictorAppUITests" */ = {
			isa = XCConfigurationList;
			buildConfigurations = (
				D0EBE6002F7AAA610030D4EE /* Debug */,
				D0EBE6012F7AAA610030D4EE /* Release */,
			);
			defaultConfigurationIsVisible = 0;
			defaultConfigurationName = Release;
		};
/* End XCConfigurationList section */
	};
	rootObject = D0EBE5D02F7AAA5F0030D4EE /* Project object */;
}
